{
    "name": "mc-logger",
    "version": "1.0.11",
    "lockfileVersion": 1,
    "requires": true,
    "dependencies": {
        "async": {
            "version": "1.0.0",
            "resolved": "https://artifactory.rnd-hub.com:443/artifactory/api/npm/Npm-IMFamily-virt/async/-/async-1.0.0.tgz",
            "integrity": "sha1-+PwEyjoTeErenhZBr5hXjPvWR6k="
        },
        "colors": {
            "version": "1.0.3",
            "resolved": "https://artifactory.rnd-hub.com:443/artifactory/api/npm/Npm-IMFamily-virt/colors/-/colors-1.0.3.tgz",
            "integrity": "sha1-BDP0TYCWgP3rYO0mDxsMJi6CpAs="
        },
        "cycle": {
            "version": "1.0.3",
            "resolved": "https://artifactory.rnd-hub.com:443/artifactory/api/npm/Npm-IMFamily-virt/cycle/-/cycle-1.0.3.tgz",
            "integrity": "sha1-IegLK+hYD5i0aPN5QwZisEbDStI="
        },
        "eyes": {
            "version": "0.1.8",
            "resolved": "https://artifactory.rnd-hub.com:443/artifactory/api/npm/Npm-IMFamily-virt/eyes/-/eyes-0.1.8.tgz",
            "integrity": "sha1-Ys8SAjTGg3hdkCNIqADvPgzCC8A="
        },
        "isstream": {
            "version": "0.1.2",
            "resolved": "https://artifactory.rnd-hub.com:443/artifactory/api/npm/Npm-IMFamily-virt/isstream/-/isstream-0.1.2.tgz",
            "integrity": "sha1-R+Y/evVa+m+S4VAOaQ64uFKcCZo="
        },
        "opentracing": {
            "version": "0.14.4",
            "resolved": "https://artifactory.rnd-hub.com:443/artifactory/api/npm/Npm-IMFamily-virt/opentracing/-/opentracing-0.14.4.tgz",
            "integrity": "sha1-oRNAjqdA2jqQ/eWzsAEaN1wuQmg="
        },
        "stack-trace": {
            "version": "0.0.10",
            "resolved": "https://artifactory.rnd-hub.com:443/artifactory/api/npm/Npm-IMFamily-virt/stack-trace/-/stack-trace-0.0.10.tgz",
            "integrity": "sha1-VHxws0fo0ytOEI6hoqFZ5f3eGcA="
        },
        "winston": {
            "version": "2.4.5",
            "resolved": "https://artifactory.rnd-hub.com:443/artifactory/api/npm/Npm-IMFamily-virt/winston/-/winston-2.4.5.tgz",
            "integrity": "sha1-8uQx1WFUxOp2VUX8EAO9NAyVtZo=",
            "requires": {
                "async": "~1.0.0",
                "colors": "1.0.x",
                "cycle": "1.0.x",
                "eyes": "0.1.x",
                "isstream": "0.1.x",
                "stack-trace": "0.0.x"
            }
        }
    }
}
